{
  "name": "roc-lang",
  "version": "0.0.0-2023-04-17-nightly",
  "lockfileVersion": 3,
  "requires": true,
  "packages": {
    "": {
      "name": "roc-lang",
      "version": "0.0.0-2023-04-17-nightly",
      "hasInstallScript": true,
      "license": "UPL-1.0",
      "bin": {
        "roc": "bin/roc"
      },
      "optionalDependencies": {
        "@roc-installer-assets/darwin_arm64": "0.0.0-2023-04-17-nightly",
        "@roc-installer-assets/darwin_x64": "0.0.0-2023-04-17-nightly",
        "@roc-installer-assets/linux_x64": "0.0.0-2023-04-17-nightly"
      }
    },
    "node_modules/@roc-installer-assets/darwin_arm64": {
      "version": "0.0.0-2023-04-17-nightly",
      "resolved": "https://registry.npmjs.org/@roc-installer-assets/darwin_arm64/-/darwin_arm64-0.0.0-2023-04-17-nightly.tgz",
      "integrity": "sha512-qa/Y1dnUt+Y5/BIPuBruA16jg5bMDQQXvYpFhxQXdaOS+vzQ4YTEokJw0oBPqo7LUhrTGawWJc5z/GybzR0eRQ==",
      "cpu": [
        "arm64"
      ],
      "optional": true,
      "os": [
        "darwin"
      ]
    },
    "node_modules/@roc-installer-assets/darwin_x64": {
      "version": "0.0.0-2023-04-17-nightly",
      "resolved": "https://registry.npmjs.org/@roc-installer-assets/darwin_x64/-/darwin_x64-0.0.0-2023-04-17-nightly.tgz",
      "integrity": "sha512-7OykuYvHxa0olAfZTwsxhHVvapz43CYEIlSRyXniXF3qoCA7+Jak4meLYP6Rf9yzB4ngrRLI/G7No424oP2mjg==",
      "cpu": [
        "x64"
      ],
      "optional": true,
      "os": [
        "darwin"
      ]
    },
    "node_modules/@roc-installer-assets/linux_x64": {
      "version": "0.0.0-2023-04-17-nightly",
      "resolved": "https://registry.npmjs.org/@roc-installer-assets/linux_x64/-/linux_x64-0.0.0-2023-04-17-nightly.tgz",
      "integrity": "sha512-yAQp3jy15J9Bg2OiK1OqZUhCjT2zHOXkYZLiD850XiHMoER4xZBCYPl1bkXas1XWG158F/IKhoST2T9r52nA0A==",
      "cpu": [
        "x64"
      ],
      "optional": true,
      "os": [
        "linux"
      ]
    }
  }
}
