{
  "name": "roc-lang",
  "version": "0.0.0-353da5c0c7aa52338354ff80189184b44722d53f",
  "lockfileVersion": 3,
  "requires": true,
  "packages": {
    "": {
      "name": "roc-lang",
      "version": "0.0.0-353da5c0c7aa52338354ff80189184b44722d53f",
      "hasInstallScript": true,
      "license": "UPL-1.0",
      "bin": {
        "roc": "bin/roc"
      },
      "optionalDependencies": {
        "@roc-installer-assets/darwin_arm64": "0.0.0-353da5c0c7aa52338354ff80189184b44722d53f",
        "@roc-installer-assets/darwin_x64": "0.0.0-2023-04-17-nightly",
        "@roc-installer-assets/linux_x64": "0.0.0-353da5c0c7aa52338354ff80189184b44722d53f"
      }
    },
    "node_modules/@roc-installer-assets/darwin_arm64": {
      "version": "0.0.0-353da5c0c7aa52338354ff80189184b44722d53f",
      "resolved": "https://registry.npmjs.org/@roc-installer-assets/darwin_arm64/-/darwin_arm64-0.0.0-353da5c0c7aa52338354ff80189184b44722d53f.tgz",
      "integrity": "sha512-Q/Ry/FJF1zJPo47KsI4/WBghNcsaEATWTQv0hzBRD6JoV3rIqjmVwiO8rL1gIO8UqD/klZf2o3Fl378W5MC1yw==",
      "cpu": [
        "arm64"
      ],
      "optional": true,
      "os": [
        "darwin"
      ]
    },
    "node_modules/@roc-installer-assets/darwin_x64": {
      "version": "0.0.0-2023-04-17-nightly",
      "resolved": "https://registry.npmjs.org/@roc-installer-assets/darwin_x64/-/darwin_x64-0.0.0-2023-04-17-nightly.tgz",
      "integrity": "sha512-7OykuYvHxa0olAfZTwsxhHVvapz43CYEIlSRyXniXF3qoCA7+Jak4meLYP6Rf9yzB4ngrRLI/G7No424oP2mjg==",
      "cpu": [
        "x64"
      ],
      "optional": true,
      "os": [
        "darwin"
      ]
    },
    "node_modules/@roc-installer-assets/linux_x64": {
      "version": "0.0.0-353da5c0c7aa52338354ff80189184b44722d53f",
      "resolved": "https://registry.npmjs.org/@roc-installer-assets/linux_x64/-/linux_x64-0.0.0-353da5c0c7aa52338354ff80189184b44722d53f.tgz",
      "integrity": "sha512-0C7AyRdFiWaT3O1QY2zled1F4ggibAiAjp2rXVWNqX+myOxYYb+ebc9utCuI7oD2NeDOom/p8poAmhTUlcT3ag==",
      "cpu": [
        "x64"
      ],
      "optional": true,
      "os": [
        "linux"
      ]
    }
  }
}
