{
  "name": "roc-lang",
  "version": "0.0.0-2023-06-22-nightly-buster",
  "lockfileVersion": 3,
  "requires": true,
  "packages": {
    "": {
      "name": "roc-lang",
      "version": "0.0.0-2023-06-22-nightly-buster",
      "hasInstallScript": true,
      "license": "UPL-1.0",
      "bin": {
        "roc": "bin/roc"
      },
      "optionalDependencies": {
        "@roc-installer-assets/darwin_arm64": "0.0.0-2023-06-21-nightly",
        "@roc-installer-assets/darwin_x64": "0.0.0-2023-06-21-nightly",
        "@roc-installer-assets/linux_x64": "0.0.0-2023-06-21-nightly-buster"
      }
    },
    "node_modules/@roc-installer-assets/darwin_arm64": {
      "version": "0.0.0-2023-06-21-nightly",
      "resolved": "https://registry.npmjs.org/@roc-installer-assets/darwin_arm64/-/darwin_arm64-0.0.0-2023-06-21-nightly.tgz",
      "integrity": "sha512-4BV51VkNcR7Mpw3WHGqk635qXn55LO0wkfy9ay8vWSljUES4WlFhF5y4hLJvhU0Zm3hbGi62q+UC/uOHGacVRg==",
      "cpu": [
        "arm64"
      ],
      "optional": true,
      "os": [
        "darwin"
      ]
    },
    "node_modules/@roc-installer-assets/darwin_x64": {
      "version": "0.0.0-2023-06-21-nightly",
      "resolved": "https://registry.npmjs.org/@roc-installer-assets/darwin_x64/-/darwin_x64-0.0.0-2023-06-21-nightly.tgz",
      "integrity": "sha512-Itjr/6g33Q6piYajZ/+uAcWROfYnECJ5Ml7sEyRGNUnoorXQ91ytxg8YQyMnNLCLrtYeVZkds0/9JWdJF2LDfw==",
      "cpu": [
        "x64"
      ],
      "optional": true,
      "os": [
        "darwin"
      ]
    }
  }
}
